
Microsoft Visual Studio Solution File, Format Version 12.00
# Visual Studio 15
VisualStudioVersion = 15.0.28307.168
MinimumVisualStudioVersion = 10.0.40219.1
Project("{FAE04EC0-301F-11D3-BF4B-00C04F79EFBC}") = "Lab1", "Lab1\Lab1.csproj", "{D7457E57-A65D-4BF4-8497-D33807396D13}"
EndProject
Global
	GlobalSection(SolutionConfigurationPlatforms) = preSolution
		Debug|Any CPU = Debug|Any CPU
		Release|Any CPU = Release|Any CPU
	EndGlobalSection
	GlobalSection(ProjectConfigurationPlatforms) = postSolution
		{D7457E57-A65D-4BF4-8497-D33807396D13}.Debug|Any CPU.ActiveCfg = Debug|Any CPU
		{D7457E57-A65D-4BF4-8497-D33807396D13}.Debug|Any CPU.Build.0 = Debug|Any CPU
		{D7457E57-A65D-4BF4-8497-D33807396D13}.Release|Any CPU.ActiveCfg = Release|Any CPU
		{D7457E57-A65D-4BF4-8497-D33807396D13}.Release|Any CPU.Build.0 = Release|Any CPU
	EndGlobalSection
	GlobalSection(SolutionProperties) = preSolution
		HideSolutionNode = FALSE
	EndGlobalSection
	GlobalSection(ExtensibilityGlobals) = postSolution
		SolutionGuid = {4D042AE9-20A9-45B3-A49A-4EC7D1C9ADE5}
	EndGlobalSection
EndGlobal
